{
  "projects": [
    {
      "projectId": "28Ba3BDvRe7EiWdfFNnLB6",
      "version": "2.13.0",
      "dependencies": {},
      "lang": "ts",
      "fileLocks": [
        {
          "assetId": "28Ba3BDvRe7EiWdfFNnLB6",
          "type": "projectCss",
          "checksum": "740650b05472db4e42801b334405144a"
        }
      ],
      "codegenVersion": "0.0.1"
    },
    {
      "projectId": "caTPwKxj5ZrD9LQ7DMdK4Z",
      "version": "3.13.0",
      "dependencies": {},
      "lang": "ts",
      "fileLocks": [
        {
          "assetId": "caTPwKxj5ZrD9LQ7DMdK4Z",
          "type": "projectCss",
          "checksum": "3f861d9934733b06ddcc0158487615ce"
        }
      ],
      "codegenVersion": "0.0.1"
    },
    {
      "projectId": "7nJ7UcFmq9UzB6eXfC5z4a",
      "version": "0.10.0",
      "dependencies": {},
      "lang": "ts",
      "fileLocks": [
        {
          "assetId": "7nJ7UcFmq9UzB6eXfC5z4a",
          "type": "projectCss",
          "checksum": "8cf9dfd353bbaf2b2583e7046e8136fb"
        }
      ],
      "codegenVersion": "0.0.1"
    },
    {
      "projectId": "kmmGrmCVRJPgZ5NNJMDQ4v",
      "version": "0.10.0",
      "dependencies": {},
      "lang": "ts",
      "fileLocks": [
        {
          "assetId": "kmmGrmCVRJPgZ5NNJMDQ4v",
          "type": "projectCss",
          "checksum": "dd7de7af23dae5f9bf9adf08c16dae86"
        },
        {
          "assetId": "kmmGrmCVRJPgZ5NNJMDQ4v",
          "checksum": "381f8839221b8bab19ed842367029b0e",
          "type": "globalContexts"
        }
      ],
      "codegenVersion": "0.0.1"
    },
    {
      "projectId": "hjKYmYi6HMwK6TRyk7ew5R",
      "version": "6.12.0",
      "dependencies": {},
      "lang": "ts",
      "fileLocks": [
        {
          "assetId": "hjKYmYi6HMwK6TRyk7ew5R",
          "type": "projectCss",
          "checksum": "e2a20cff976d3b9fabfeecba32540b91"
        },
        {
          "assetId": "hjKYmYi6HMwK6TRyk7ew5R",
          "checksum": "090afba908f762c0bd0061c3d5d62529",
          "type": "globalContexts"
        }
      ],
      "codegenVersion": "0.0.1"
    },
    {
      "projectId": "YUiM7yqBWAqsh8KSnrdj7",
      "version": "0.11.0",
      "dependencies": {},
      "lang": "ts",
      "fileLocks": [
        {
          "assetId": "YUiM7yqBWAqsh8KSnrdj7",
          "type": "projectCss",
          "checksum": "6be9dbec891937cda3b59d2fd3c44796"
        }
      ],
      "codegenVersion": "0.0.1"
    },
    {
      "projectId": "eDreYSBqUCxfxxx8v4DS41",
      "version": "latest",
      "dependencies": {
        "YUiM7yqBWAqsh8KSnrdj7": "0.11.0",
        "hjKYmYi6HMwK6TRyk7ew5R": "6.12.0",
        "kmmGrmCVRJPgZ5NNJMDQ4v": "0.10.0",
        "7nJ7UcFmq9UzB6eXfC5z4a": "0.10.0",
        "caTPwKxj5ZrD9LQ7DMdK4Z": "3.13.0",
        "28Ba3BDvRe7EiWdfFNnLB6": "2.13.0"
      },
      "lang": "ts",
      "fileLocks": [
        {
          "type": "globalVariant",
          "assetId": "1VZYrrYR43S2dd",
          "checksum": "5ae548eddfee8b6b8e8179020628527a"
        },
        {
          "assetId": "eDreYSBqUCxfxxx8v4DS41",
          "type": "projectCss",
          "checksum": "c2db125d9d7ac9b92ac8a6ac12fff8dc"
        },
        {
          "assetId": "eDreYSBqUCxfxxx8v4DS41",
          "checksum": "d2cc2c2f021dbffc36a60d33d0a2fa75",
          "type": "globalContexts"
        },
        {
          "type": "renderModule",
          "assetId": "sz19KgE1N3LEG",
          "checksum": "fa8aa5a589ac8800b88599bf8666019e"
        },
        {
          "type": "cssRules",
          "assetId": "sz19KgE1N3LEG",
          "checksum": "fa8aa5a589ac8800b88599bf8666019e"
        },
        {
          "type": "renderModule",
          "assetId": "E9kwS2vogbuDx",
          "checksum": "f384c346fc3d1a48a4c24293d5a26668"
        },
        {
          "type": "cssRules",
          "assetId": "E9kwS2vogbuDx",
          "checksum": "f384c346fc3d1a48a4c24293d5a26668"
        },
        {
          "type": "renderModule",
          "assetId": "OHA31I6rqRG4M",
          "checksum": "43fe121a7ca34e66439767839ffc2a2e"
        },
        {
          "type": "cssRules",
          "assetId": "OHA31I6rqRG4M",
          "checksum": "43fe121a7ca34e66439767839ffc2a2e"
        },
        {
          "type": "renderModule",
          "assetId": "rKr9k50OBUmiSj",
          "checksum": "66e56c9676983b60e6f7c492fe7bc65a"
        },
        {
          "type": "cssRules",
          "assetId": "rKr9k50OBUmiSj",
          "checksum": "66e56c9676983b60e6f7c492fe7bc65a"
        },
        {
          "type": "renderModule",
          "assetId": "QIeTN8-XMPAbP-",
          "checksum": "3b4e40245ba06e3e9065b7005f4fcd21"
        },
        {
          "type": "cssRules",
          "assetId": "QIeTN8-XMPAbP-",
          "checksum": "3b4e40245ba06e3e9065b7005f4fcd21"
        },
        {
          "type": "renderModule",
          "assetId": "2f0nePyu3V-m9H",
          "checksum": "a87863123ae4b3b946cf799890ece514"
        },
        {
          "type": "cssRules",
          "assetId": "2f0nePyu3V-m9H",
          "checksum": "a87863123ae4b3b946cf799890ece514"
        },
        {
          "type": "renderModule",
          "assetId": "65vKNhBzAYGEw2",
          "checksum": "54813fbea90ade1f1098d4f7edbea3c9"
        },
        {
          "type": "cssRules",
          "assetId": "65vKNhBzAYGEw2",
          "checksum": "54813fbea90ade1f1098d4f7edbea3c9"
        },
        {
          "type": "renderModule",
          "assetId": "7vXu9p_UWFBB1N",
          "checksum": "fa1861604bd46fcb9532f79e1631e85d"
        },
        {
          "type": "cssRules",
          "assetId": "7vXu9p_UWFBB1N",
          "checksum": "fa1861604bd46fcb9532f79e1631e85d"
        },
        {
          "type": "renderModule",
          "assetId": "g4vhArdq0aJ_1i",
          "checksum": "ccc451f5f3885895160f2e07f858a662"
        },
        {
          "type": "cssRules",
          "assetId": "g4vhArdq0aJ_1i",
          "checksum": "ccc451f5f3885895160f2e07f858a662"
        },
        {
          "type": "renderModule",
          "assetId": "IoXuTOs4FKEsdD",
          "checksum": "6da9a22512d8fccbfdfb1e1c008dbc72"
        },
        {
          "type": "cssRules",
          "assetId": "IoXuTOs4FKEsdD",
          "checksum": "6da9a22512d8fccbfdfb1e1c008dbc72"
        },
        {
          "type": "icon",
          "assetId": "zj2sJSVI5_vwJ5",
          "checksum": "d1f4020241ca29e40eeea78fe0ccdb17"
        },
        {
          "type": "icon",
          "assetId": "xVD6H6GODmxV7I",
          "checksum": "f2279e0d099aafc4d713a2943977d0c0"
        },
        {
          "type": "icon",
          "assetId": "QMsy3rD8hFWhXt",
          "checksum": "7b48db0f602a9adefbed2675451d076e"
        },
        {
          "type": "icon",
          "assetId": "oRm_P6Y7bcVK-m",
          "checksum": "a39df802d7c7a06cfba665dacfb01fc7"
        },
        {
          "type": "icon",
          "assetId": "ylA5Nn0v12MEsB",
          "checksum": "99fde5f0c24f019bd379b4a6c2dc7890"
        },
        {
          "type": "icon",
          "assetId": "ZDem_vuvzPuSjO",
          "checksum": "bad4ebf0058974fb745e3ac1795cc1dd"
        },
        {
          "type": "icon",
          "assetId": "TTZROUhWbx-483",
          "checksum": "49d3eb6eca2d1176ffc0ea92426f320b"
        },
        {
          "type": "icon",
          "assetId": "o-m1RL5SjlY6FZ",
          "checksum": "b210eb236be40530a35e7da22bccdd4b"
        },
        {
          "type": "icon",
          "assetId": "bfKy0CQxtv9wD0",
          "checksum": "7571598484d70233bf03412da63104e5"
        },
        {
          "type": "icon",
          "assetId": "krvmYvxt4utxf4",
          "checksum": "3b87089f0058714b27f58a7f8e569203"
        },
        {
          "type": "icon",
          "assetId": "O0JhSwZ5tRnOmd",
          "checksum": "4195140223419a85ca141ac9de96cebf"
        },
        {
          "type": "image",
          "assetId": "0qb5DoMXoLtNPb",
          "checksum": "b1b99e9f0f0fde974713f93cce9c672b"
        },
        {
          "type": "image",
          "assetId": "qNHZo7mSuhQr1I",
          "checksum": "6d44f57afec18c38ce2facc627c72e7d"
        },
        {
          "type": "image",
          "assetId": "na5T4P2oqnj1cB",
          "checksum": "d89469320879decd6677a00b2ca2d887"
        },
        {
          "type": "image",
          "assetId": "1jIEI-dZo1welp",
          "checksum": "51257a3cfd696bac9c7b69b3edf0bcbc"
        },
        {
          "type": "image",
          "assetId": "R1wjNFhTlZZyz3",
          "checksum": "9c246e5ae99ea7ed6bb85a4032f8eaf6"
        },
        {
          "type": "image",
          "assetId": "eWW3SK9VmxI5my",
          "checksum": "aa7778beb08839eeb51e960c49e1ecf9"
        },
        {
          "type": "image",
          "assetId": "W5590vVfcPXnJw",
          "checksum": "26d65bd5db30ba6abe281c9033843393"
        },
        {
          "type": "image",
          "assetId": "vH38oCAH5L4DES",
          "checksum": "0b4cf844e582299681dbdd0e9b5b3bca"
        },
        {
          "type": "image",
          "assetId": "6qt3BpYQV_6Gzq",
          "checksum": "c96427276b80ee998f95fec623637059"
        },
        {
          "type": "image",
          "assetId": "u4W3qFuQxb32u0",
          "checksum": "d1cf9c6c0d98f27b1c27c99a7abc2de6"
        },
        {
          "type": "image",
          "assetId": "reXsfr1B9eXUZ4",
          "checksum": "a4b60898e8894316c8a91c8c42ca13f5"
        },
        {
          "type": "image",
          "assetId": "J0CcZe_FBut88z",
          "checksum": "ac6fa1dabed4800cb982e7b460f4de0e"
        },
        {
          "type": "image",
          "assetId": "biWSqyXWYYj90f",
          "checksum": "69f6d7ad212f087a50f675ab1fb1584a"
        },
        {
          "type": "image",
          "assetId": "r57fgJkC_ms2F_",
          "checksum": "07ada6aafd030acef9100dc4d81ec236"
        },
        {
          "type": "image",
          "assetId": "xIBN7d_sLU2vwi",
          "checksum": "990168ad42e3cc09d5d50f8c2f0665c3"
        },
        {
          "type": "image",
          "assetId": "ivLFWsL2fJxcVs",
          "checksum": "bd7fe095b0217e3b08bb4bebcfb58e0a"
        },
        {
          "type": "image",
          "assetId": "vamzzQ-OI0N8a2",
          "checksum": "38d01bc96b93414305158121384ac755"
        },
        {
          "type": "image",
          "assetId": "Yy95bUmoOZNCIf",
          "checksum": "af6edb32514c920559fbc651887c42c6"
        },
        {
          "type": "image",
          "assetId": "bsY-sRlYVKQZpK",
          "checksum": "89f487023c8d023e98acfd77e07c874a"
        },
        {
          "type": "image",
          "assetId": "6kC0HQwtUfNJIk",
          "checksum": "987e44ebdd685529e0a433aad0832fa4"
        },
        {
          "type": "image",
          "assetId": "OinFNX4lNUc_B9",
          "checksum": "9986be50a804df83307f8c50106f36f2"
        },
        {
          "type": "image",
          "assetId": "Eib2tXvnNMmHe1",
          "checksum": "01c091ba543945f4ef955db216ca4614"
        },
        {
          "type": "image",
          "assetId": "QxCvI_jISDxGMm",
          "checksum": "5984311e412aa6bfd95cb5b21043985a"
        },
        {
          "type": "image",
          "assetId": "JLdk7K1vZpqmVg",
          "checksum": "db90f5a370a2b0f8ee49afff4a63896d"
        },
        {
          "type": "image",
          "assetId": "QaCkEEqw1vOvCD",
          "checksum": "f8c7b283d3b0c35984663b259cc774d7"
        },
        {
          "type": "image",
          "assetId": "Ms8Nc0biLd3qA0",
          "checksum": "496410ab601e63ffedd8e9494edd788a"
        },
        {
          "type": "image",
          "assetId": "6SfZ1c0rKpzOy-",
          "checksum": "03d58ec0599685eac99a06f86ce87e65"
        },
        {
          "type": "image",
          "assetId": "CaPmBTI5Wky_s3",
          "checksum": "04554a64625d304c25527058c52b62dc"
        },
        {
          "type": "image",
          "assetId": "0EkXmSKVDSr_K-",
          "checksum": "e8ca7bc8c290f58622a9ed95e5fb1287"
        },
        {
          "type": "image",
          "assetId": "TlZD196tCFPq9P",
          "checksum": "8d6282faf73c5f78393773a07ef54b98"
        },
        {
          "type": "image",
          "assetId": "JUn3pwIcVuWo1c",
          "checksum": "8152b1b6211419c074b1e6e13eb3263d"
        },
        {
          "type": "image",
          "assetId": "q7HWTeIWjPZITF",
          "checksum": "d548fa63373b08bb8db79b3cab64ee9f"
        },
        {
          "type": "image",
          "assetId": "WrvDnjSdAe-g0f",
          "checksum": "415fe85e73c4743507efd54bdcfa6a22"
        },
        {
          "type": "image",
          "assetId": "jWwtiKRuxSi1YF",
          "checksum": "6875380bf98641577197c8fe9bbc712f"
        },
        {
          "type": "image",
          "assetId": "9I-h6Q45apRIwo",
          "checksum": "90f106dd3f7f64e85ad139cdc0cc40ee"
        },
        {
          "type": "image",
          "assetId": "Rf1gUjN0BcLIfM",
          "checksum": "fa43eea3ec1e0b23bfa80c34c6572e62"
        },
        {
          "type": "image",
          "assetId": "cFKTpUEeFpu3Wq",
          "checksum": "20787473798034606a140a23ba103377"
        },
        {
          "type": "image",
          "assetId": "P9Jekg96TaR9N9",
          "checksum": "a6f9b3242a50dfc30dc44c5ce1cb589d"
        },
        {
          "type": "image",
          "assetId": "Usxm0fG3Wke1nJ",
          "checksum": "056feb96b817d61a51bd7adf77fea9d2"
        },
        {
          "type": "image",
          "assetId": "0WtLAiHBAR_KRI",
          "checksum": "c00abb46a1dbbc08c05a3f17eae76a58"
        },
        {
          "type": "image",
          "assetId": "DfRDZTP0JiuPs6",
          "checksum": "3810251a743740dccd42672065f84256"
        },
        {
          "type": "image",
          "assetId": "VZvlBl5fPwWnPk",
          "checksum": "8db7f1c972b96fa63cf20b38f8189bcb"
        },
        {
          "type": "image",
          "assetId": "AGVPub9L9VpvWb",
          "checksum": "63e1b83137d42f943f6a3403be41a032"
        },
        {
          "type": "image",
          "assetId": "2oXkaZtWpNxeFU",
          "checksum": "2f0399361bdbad529f785c100d751e74"
        },
        {
          "type": "image",
          "assetId": "iSHhxjdbTEBiF1",
          "checksum": "ae8a9bff24d6a84d1e14f9b92d090327"
        },
        {
          "type": "image",
          "assetId": "s2FG9gF2WO-pZV",
          "checksum": "4ff7d7bf5cc960bf6505618e9060e7bb"
        },
        {
          "type": "image",
          "assetId": "GwgwZWEt-Gjug0",
          "checksum": "c044b85168ed9b5443bcb0f40e12d5c3"
        },
        {
          "type": "image",
          "assetId": "-zYV3cAtAGJJvz",
          "checksum": "7b2d15e0e4cbcfb4a2233fa55f83321d"
        },
        {
          "type": "image",
          "assetId": "6oyaatUn2XkDB3",
          "checksum": "2583a767ec86f86164c913bbec3c8364"
        },
        {
          "type": "image",
          "assetId": "JQp6tKyrEB_RBf",
          "checksum": "9c5e01bc6984fd7c250a1c9244899eb2"
        },
        {
          "type": "image",
          "assetId": "uBFhYNpNWjMQ8x",
          "checksum": "734391d777e7ed792fb19a3a64a46ca5"
        },
        {
          "type": "image",
          "assetId": "4IxRPR8OgPlZeH",
          "checksum": "9b7e138d4591ba42516e6456c8e13430"
        },
        {
          "type": "image",
          "assetId": "8AXlT-PKUgGbvm",
          "checksum": "3e3fc169456605a7d6273366f7183eb6"
        },
        {
          "type": "image",
          "assetId": "hiI_eGDiU1NiJb",
          "checksum": "a812cf1915cff2f01340effb86680560"
        },
        {
          "type": "image",
          "assetId": "RoHB-kmJsgUxSl",
          "checksum": "46f34e2a4f818cfc9009409341199b61"
        },
        {
          "type": "image",
          "assetId": "BwyifpI2P3I5gQ",
          "checksum": "6f14c17baf7720930fe4305c742fa509"
        },
        {
          "type": "image",
          "assetId": "swqFOFQlTTaHtx",
          "checksum": "7eccabd96aaf29cf5e8e7d0b282d4988"
        },
        {
          "type": "image",
          "assetId": "BNLeEnKRDigrzB",
          "checksum": "f96ffc0c0e1ac105b03d25b1e8ae267b"
        },
        {
          "type": "image",
          "assetId": "omPBlimKVaWlUL",
          "checksum": "4fa067fba068fce7062456d1d9aa4e68"
        },
        {
          "type": "image",
          "assetId": "ChUkrptUrKntOl",
          "checksum": "3361210b31815a542cc6b4301ec8cc32"
        },
        {
          "type": "image",
          "assetId": "g1fNDVYpub45jo",
          "checksum": "27d8e1e987baa79e139adda279eeccf2"
        }
      ],
      "codegenVersion": "0.0.1"
    }
  ],
  "cliVersion": "0.1.216"
}
